
Microsoft Visual Studio Solution File, Format Version 12.00
# Visual Studio Version 16
VisualStudioVersion = 16.0.30114.105
MinimumVisualStudioVersion = 10.0.40219.1
Project("{FAE04EC0-301F-11D3-BF4B-00C04F79EFBC}") = "R5T.L0017", "R5T.L0017\R5T.L0017.csproj", "{2CB8A35D-1B3C-472F-9584-940EC2B5CD4C}"
EndProject
Project("{FAE04EC0-301F-11D3-BF4B-00C04F79EFBC}") = "R5T.L0017.Construction", "R5T.L0017.Construction\R5T.L0017.Construction.csproj", "{8225D1B6-E1F6-4A8C-9930-1277F0F286E0}"
EndProject
Project("{FAE04EC0-301F-11D3-BF4B-00C04F79EFBC}") = "R5T.L0017.D001", "R5T.L0017.D001\R5T.L0017.D001.csproj", "{5E688BBE-8127-4383-A679-9C9B5D781C7F}"
EndProject
Project("{FAE04EC0-301F-11D3-BF4B-00C04F79EFBC}") = "R5T.L0017.T001", "R5T.L0017.T001\R5T.L0017.T001.csproj", "{E1CC873C-F7B1-4AC8-84C1-49212E9A15F7}"
EndProject
Project("{FAE04EC0-301F-11D3-BF4B-00C04F79EFBC}") = "R5T.L0017.T002", "R5T.L0017.T002\R5T.L0017.T002.csproj", "{5DE9C1FC-E6F6-4B78-B64D-D45E86AD1DC3}"
EndProject
Project("{FAE04EC0-301F-11D3-BF4B-00C04F79EFBC}") = "R5T.L0017.X001", "R5T.L0017.X001\R5T.L0017.X001.csproj", "{407A8D39-C672-4D92-8531-934B43703691}"
EndProject
Project("{FAE04EC0-301F-11D3-BF4B-00C04F79EFBC}") = "R5T.L0017.X002", "R5T.L0017.X002\R5T.L0017.X002.csproj", "{9E3E34BB-DCDF-4102-B458-BF3057ED74BC}"
EndProject
Global
	GlobalSection(SolutionConfigurationPlatforms) = preSolution
		Debug|Any CPU = Debug|Any CPU
		Debug|x64 = Debug|x64
		Debug|x86 = Debug|x86
		Release|Any CPU = Release|Any CPU
		Release|x64 = Release|x64
		Release|x86 = Release|x86
	EndGlobalSection
	GlobalSection(SolutionProperties) = preSolution
		HideSolutionNode = FALSE
	EndGlobalSection
	GlobalSection(ProjectConfigurationPlatforms) = postSolution
		{2CB8A35D-1B3C-472F-9584-940EC2B5CD4C}.Debug|Any CPU.ActiveCfg = Debug|Any CPU
		{2CB8A35D-1B3C-472F-9584-940EC2B5CD4C}.Debug|Any CPU.Build.0 = Debug|Any CPU
		{2CB8A35D-1B3C-472F-9584-940EC2B5CD4C}.Debug|x64.ActiveCfg = Debug|Any CPU
		{2CB8A35D-1B3C-472F-9584-940EC2B5CD4C}.Debug|x64.Build.0 = Debug|Any CPU
		{2CB8A35D-1B3C-472F-9584-940EC2B5CD4C}.Debug|x86.ActiveCfg = Debug|Any CPU
		{2CB8A35D-1B3C-472F-9584-940EC2B5CD4C}.Debug|x86.Build.0 = Debug|Any CPU
		{2CB8A35D-1B3C-472F-9584-940EC2B5CD4C}.Release|Any CPU.ActiveCfg = Release|Any CPU
		{2CB8A35D-1B3C-472F-9584-940EC2B5CD4C}.Release|Any CPU.Build.0 = Release|Any CPU
		{2CB8A35D-1B3C-472F-9584-940EC2B5CD4C}.Release|x64.ActiveCfg = Release|Any CPU
		{2CB8A35D-1B3C-472F-9584-940EC2B5CD4C}.Release|x64.Build.0 = Release|Any CPU
		{2CB8A35D-1B3C-472F-9584-940EC2B5CD4C}.Release|x86.ActiveCfg = Release|Any CPU
		{2CB8A35D-1B3C-472F-9584-940EC2B5CD4C}.Release|x86.Build.0 = Release|Any CPU
		{8225D1B6-E1F6-4A8C-9930-1277F0F286E0}.Debug|Any CPU.ActiveCfg = Debug|Any CPU
		{8225D1B6-E1F6-4A8C-9930-1277F0F286E0}.Debug|Any CPU.Build.0 = Debug|Any CPU
		{8225D1B6-E1F6-4A8C-9930-1277F0F286E0}.Debug|x64.ActiveCfg = Debug|Any CPU
		{8225D1B6-E1F6-4A8C-9930-1277F0F286E0}.Debug|x64.Build.0 = Debug|Any CPU
		{8225D1B6-E1F6-4A8C-9930-1277F0F286E0}.Debug|x86.ActiveCfg = Debug|Any CPU
		{8225D1B6-E1F6-4A8C-9930-1277F0F286E0}.Debug|x86.Build.0 = Debug|Any CPU
		{8225D1B6-E1F6-4A8C-9930-1277F0F286E0}.Release|Any CPU.ActiveCfg = Release|Any CPU
		{8225D1B6-E1F6-4A8C-9930-1277F0F286E0}.Release|Any CPU.Build.0 = Release|Any CPU
		{8225D1B6-E1F6-4A8C-9930-1277F0F286E0}.Release|x64.ActiveCfg = Release|Any CPU
		{8225D1B6-E1F6-4A8C-9930-1277F0F286E0}.Release|x64.Build.0 = Release|Any CPU
		{8225D1B6-E1F6-4A8C-9930-1277F0F286E0}.Release|x86.ActiveCfg = Release|Any CPU
		{8225D1B6-E1F6-4A8C-9930-1277F0F286E0}.Release|x86.Build.0 = Release|Any CPU
		{5E688BBE-8127-4383-A679-9C9B5D781C7F}.Debug|Any CPU.ActiveCfg = Debug|Any CPU
		{5E688BBE-8127-4383-A679-9C9B5D781C7F}.Debug|Any CPU.Build.0 = Debug|Any CPU
		{5E688BBE-8127-4383-A679-9C9B5D781C7F}.Debug|x64.ActiveCfg = Debug|Any CPU
		{5E688BBE-8127-4383-A679-9C9B5D781C7F}.Debug|x64.Build.0 = Debug|Any CPU
		{5E688BBE-8127-4383-A679-9C9B5D781C7F}.Debug|x86.ActiveCfg = Debug|Any CPU
		{5E688BBE-8127-4383-A679-9C9B5D781C7F}.Debug|x86.Build.0 = Debug|Any CPU
		{5E688BBE-8127-4383-A679-9C9B5D781C7F}.Release|Any CPU.ActiveCfg = Release|Any CPU
		{5E688BBE-8127-4383-A679-9C9B5D781C7F}.Release|Any CPU.Build.0 = Release|Any CPU
		{5E688BBE-8127-4383-A679-9C9B5D781C7F}.Release|x64.ActiveCfg = Release|Any CPU
		{5E688BBE-8127-4383-A679-9C9B5D781C7F}.Release|x64.Build.0 = Release|Any CPU
		{5E688BBE-8127-4383-A679-9C9B5D781C7F}.Release|x86.ActiveCfg = Release|Any CPU
		{5E688BBE-8127-4383-A679-9C9B5D781C7F}.Release|x86.Build.0 = Release|Any CPU
		{E1CC873C-F7B1-4AC8-84C1-49212E9A15F7}.Debug|Any CPU.ActiveCfg = Debug|Any CPU
		{E1CC873C-F7B1-4AC8-84C1-49212E9A15F7}.Debug|Any CPU.Build.0 = Debug|Any CPU
		{E1CC873C-F7B1-4AC8-84C1-49212E9A15F7}.Debug|x64.ActiveCfg = Debug|Any CPU
		{E1CC873C-F7B1-4AC8-84C1-49212E9A15F7}.Debug|x64.Build.0 = Debug|Any CPU
		{E1CC873C-F7B1-4AC8-84C1-49212E9A15F7}.Debug|x86.ActiveCfg = Debug|Any CPU
		{E1CC873C-F7B1-4AC8-84C1-49212E9A15F7}.Debug|x86.Build.0 = Debug|Any CPU
		{E1CC873C-F7B1-4AC8-84C1-49212E9A15F7}.Release|Any CPU.ActiveCfg = Release|Any CPU
		{E1CC873C-F7B1-4AC8-84C1-49212E9A15F7}.Release|Any CPU.Build.0 = Release|Any CPU
		{E1CC873C-F7B1-4AC8-84C1-49212E9A15F7}.Release|x64.ActiveCfg = Release|Any CPU
		{E1CC873C-F7B1-4AC8-84C1-49212E9A15F7}.Release|x64.Build.0 = Release|Any CPU
		{E1CC873C-F7B1-4AC8-84C1-49212E9A15F7}.Release|x86.ActiveCfg = Release|Any CPU
		{E1CC873C-F7B1-4AC8-84C1-49212E9A15F7}.Release|x86.Build.0 = Release|Any CPU
		{5DE9C1FC-E6F6-4B78-B64D-D45E86AD1DC3}.Debug|Any CPU.ActiveCfg = Debug|Any CPU
		{5DE9C1FC-E6F6-4B78-B64D-D45E86AD1DC3}.Debug|Any CPU.Build.0 = Debug|Any CPU
		{5DE9C1FC-E6F6-4B78-B64D-D45E86AD1DC3}.Debug|x64.ActiveCfg = Debug|Any CPU
		{5DE9C1FC-E6F6-4B78-B64D-D45E86AD1DC3}.Debug|x64.Build.0 = Debug|Any CPU
		{5DE9C1FC-E6F6-4B78-B64D-D45E86AD1DC3}.Debug|x86.ActiveCfg = Debug|Any CPU
		{5DE9C1FC-E6F6-4B78-B64D-D45E86AD1DC3}.Debug|x86.Build.0 = Debug|Any CPU
		{5DE9C1FC-E6F6-4B78-B64D-D45E86AD1DC3}.Release|Any CPU.ActiveCfg = Release|Any CPU
		{5DE9C1FC-E6F6-4B78-B64D-D45E86AD1DC3}.Release|Any CPU.Build.0 = Release|Any CPU
		{5DE9C1FC-E6F6-4B78-B64D-D45E86AD1DC3}.Release|x64.ActiveCfg = Release|Any CPU
		{5DE9C1FC-E6F6-4B78-B64D-D45E86AD1DC3}.Release|x64.Build.0 = Release|Any CPU
		{5DE9C1FC-E6F6-4B78-B64D-D45E86AD1DC3}.Release|x86.ActiveCfg = Release|Any CPU
		{5DE9C1FC-E6F6-4B78-B64D-D45E86AD1DC3}.Release|x86.Build.0 = Release|Any CPU
		{407A8D39-C672-4D92-8531-934B43703691}.Debug|Any CPU.ActiveCfg = Debug|Any CPU
		{407A8D39-C672-4D92-8531-934B43703691}.Debug|Any CPU.Build.0 = Debug|Any CPU
		{407A8D39-C672-4D92-8531-934B43703691}.Debug|x64.ActiveCfg = Debug|Any CPU
		{407A8D39-C672-4D92-8531-934B43703691}.Debug|x64.Build.0 = Debug|Any CPU
		{407A8D39-C672-4D92-8531-934B43703691}.Debug|x86.ActiveCfg = Debug|Any CPU
		{407A8D39-C672-4D92-8531-934B43703691}.Debug|x86.Build.0 = Debug|Any CPU
		{407A8D39-C672-4D92-8531-934B43703691}.Release|Any CPU.ActiveCfg = Release|Any CPU
		{407A8D39-C672-4D92-8531-934B43703691}.Release|Any CPU.Build.0 = Release|Any CPU
		{407A8D39-C672-4D92-8531-934B43703691}.Release|x64.ActiveCfg = Release|Any CPU
		{407A8D39-C672-4D92-8531-934B43703691}.Release|x64.Build.0 = Release|Any CPU
		{407A8D39-C672-4D92-8531-934B43703691}.Release|x86.ActiveCfg = Release|Any CPU
		{407A8D39-C672-4D92-8531-934B43703691}.Release|x86.Build.0 = Release|Any CPU
		{9E3E34BB-DCDF-4102-B458-BF3057ED74BC}.Debug|Any CPU.ActiveCfg = Debug|Any CPU
		{9E3E34BB-DCDF-4102-B458-BF3057ED74BC}.Debug|Any CPU.Build.0 = Debug|Any CPU
		{9E3E34BB-DCDF-4102-B458-BF3057ED74BC}.Debug|x64.ActiveCfg = Debug|Any CPU
		{9E3E34BB-DCDF-4102-B458-BF3057ED74BC}.Debug|x64.Build.0 = Debug|Any CPU
		{9E3E34BB-DCDF-4102-B458-BF3057ED74BC}.Debug|x86.ActiveCfg = Debug|Any CPU
		{9E3E34BB-DCDF-4102-B458-BF3057ED74BC}.Debug|x86.Build.0 = Debug|Any CPU
		{9E3E34BB-DCDF-4102-B458-BF3057ED74BC}.Release|Any CPU.ActiveCfg = Release|Any CPU
		{9E3E34BB-DCDF-4102-B458-BF3057ED74BC}.Release|Any CPU.Build.0 = Release|Any CPU
		{9E3E34BB-DCDF-4102-B458-BF3057ED74BC}.Release|x64.ActiveCfg = Release|Any CPU
		{9E3E34BB-DCDF-4102-B458-BF3057ED74BC}.Release|x64.Build.0 = Release|Any CPU
		{9E3E34BB-DCDF-4102-B458-BF3057ED74BC}.Release|x86.ActiveCfg = Release|Any CPU
		{9E3E34BB-DCDF-4102-B458-BF3057ED74BC}.Release|x86.Build.0 = Release|Any CPU
	EndGlobalSection
EndGlobal
