
Microsoft Visual Studio Solution File, Format Version 12.00
# Visual Studio Version 16
VisualStudioVersion = 16.6.30114.105
MinimumVisualStudioVersion = 10.0.40219.1
Project("{9A19103F-16F7-4668-BE54-9A1E7A4F7556}") = "R5T.L0017", "R5T.L0017\R5T.L0017.csproj", "{821358AF-67F1-4FD6-B081-4894A5302740}"
EndProject
Project("{2150E333-8FDC-42A3-9474-1A3956D46DE8}") = "_Dependencies", "_Dependencies", "{209E5848-CCD1-47E4-B37C-92183B30C7D2}"
EndProject
Project("{9A19103F-16F7-4668-BE54-9A1E7A4F7556}") = "R5T.T0064", "..\..\R5T.T0064\source\R5T.T0064\R5T.T0064.csproj", "{72C45A19-9C5C-47F6-8988-1C69A4A61B27}"
EndProject
Project("{9A19103F-16F7-4668-BE54-9A1E7A4F7556}") = "R5T.L0017.D001", "R5T.L0017.D001\R5T.L0017.D001.csproj", "{329B137F-8483-4164-8D88-3188F04745B3}"
EndProject
Project("{9A19103F-16F7-4668-BE54-9A1E7A4F7556}") = "R5T.L0017.X001", "R5T.L0017.X001\R5T.L0017.X001.csproj", "{BCEAB7BD-1BE4-444D-992C-F7F2CCF1C48F}"
EndProject
Project("{9A19103F-16F7-4668-BE54-9A1E7A4F7556}") = "R5T.L0017.T001", "R5T.L0017.T001\R5T.L0017.T001.csproj", "{FCF9C06B-DF23-4F98-BCB8-826B850E3F3B}"
EndProject
Project("{9A19103F-16F7-4668-BE54-9A1E7A4F7556}") = "R5T.Magyar", "..\..\R5T.Magyar\source\R5T.Magyar\R5T.Magyar.csproj", "{D958248C-0FDA-48BB-B92F-E4345A674AD3}"
EndProject
Project("{9A19103F-16F7-4668-BE54-9A1E7A4F7556}") = "R5T.T0087", "..\..\R5T.T0087\source\R5T.T0087\R5T.T0087.csproj", "{0EAB3914-857C-4F3E-ACA7-B440B9E0E3BE}"
EndProject
Project("{9A19103F-16F7-4668-BE54-9A1E7A4F7556}") = "R5T.T0088.X001", "..\..\R5T.T0088\source\R5T.T0088.X001\R5T.T0088.X001.csproj", "{69894F1B-4D9D-474C-99FC-C9ADCB510F25}"
EndProject
Project("{9A19103F-16F7-4668-BE54-9A1E7A4F7556}") = "R5T.T0086.X001", "..\..\R5T.T0086\source\R5T.T0086.X001\R5T.T0086.X001.csproj", "{9B9E7662-E98C-4DF8-8AD9-D1FD708380DA}"
EndProject
Project("{9A19103F-16F7-4668-BE54-9A1E7A4F7556}") = "R5T.T0088.X002", "..\..\R5T.T0088\source\R5T.T0088.X002\R5T.T0088.X002.csproj", "{4230EB81-FDFB-44BE-9FCC-DFC7AA903FED}"
EndProject
Project("{9A19103F-16F7-4668-BE54-9A1E7A4F7556}") = "R5T.T0089.X001", "..\..\R5T.T0089\source\R5T.T0089.X001\R5T.T0089.X001.csproj", "{160314F5-D89F-4C59-A393-EAC7B150D7F3}"
EndProject
Project("{9A19103F-16F7-4668-BE54-9A1E7A4F7556}") = "R5T.T0089", "..\..\R5T.T0089\source\R5T.T0089\R5T.T0089.csproj", "{95473979-BD2B-4218-9754-0D1DA67A6A82}"
EndProject
Project("{9A19103F-16F7-4668-BE54-9A1E7A4F7556}") = "R5T.T0039.T002", "..\..\R5T.T0039\source\R5T.T0039.T002\R5T.T0039.T002.csproj", "{1CCAC1E6-8D67-4FAA-889E-D4F940F363DD}"
EndProject
Project("{9A19103F-16F7-4668-BE54-9A1E7A4F7556}") = "R5T.T0088", "..\..\R5T.T0088\source\R5T.T0088\R5T.T0088.csproj", "{E0C66393-B4D5-4372-9EFB-882AE872E378}"
EndProject
Project("{9A19103F-16F7-4668-BE54-9A1E7A4F7556}") = "R5T.T0086", "..\..\R5T.T0086\source\R5T.T0086\R5T.T0086.csproj", "{9788B40C-8A25-481C-8AC4-FCE3757F61EE}"
EndProject
Project("{9A19103F-16F7-4668-BE54-9A1E7A4F7556}") = "R5T.L0017.T002", "R5T.L0017.T002\R5T.L0017.T002.csproj", "{DF850932-03DA-40FB-BF73-A067015B9E12}"
EndProject
Project("{9A19103F-16F7-4668-BE54-9A1E7A4F7556}") = "R5T.L0017.X002", "R5T.L0017.X002\R5T.L0017.X002.csproj", "{FA5A47DA-58A2-4C64-8301-58A093BCE2D2}"
EndProject
Global
	GlobalSection(SolutionConfigurationPlatforms) = preSolution
		Debug|Any CPU = Debug|Any CPU
		Debug|x64 = Debug|x64
		Debug|x86 = Debug|x86
		Release|Any CPU = Release|Any CPU
		Release|x64 = Release|x64
		Release|x86 = Release|x86
	EndGlobalSection
	GlobalSection(ProjectConfigurationPlatforms) = postSolution
		{821358AF-67F1-4FD6-B081-4894A5302740}.Debug|Any CPU.ActiveCfg = Debug|Any CPU
		{821358AF-67F1-4FD6-B081-4894A5302740}.Debug|Any CPU.Build.0 = Debug|Any CPU
		{821358AF-67F1-4FD6-B081-4894A5302740}.Debug|x64.ActiveCfg = Debug|Any CPU
		{821358AF-67F1-4FD6-B081-4894A5302740}.Debug|x64.Build.0 = Debug|Any CPU
		{821358AF-67F1-4FD6-B081-4894A5302740}.Debug|x86.ActiveCfg = Debug|Any CPU
		{821358AF-67F1-4FD6-B081-4894A5302740}.Debug|x86.Build.0 = Debug|Any CPU
		{821358AF-67F1-4FD6-B081-4894A5302740}.Release|Any CPU.ActiveCfg = Release|Any CPU
		{821358AF-67F1-4FD6-B081-4894A5302740}.Release|Any CPU.Build.0 = Release|Any CPU
		{821358AF-67F1-4FD6-B081-4894A5302740}.Release|x64.ActiveCfg = Release|Any CPU
		{821358AF-67F1-4FD6-B081-4894A5302740}.Release|x64.Build.0 = Release|Any CPU
		{821358AF-67F1-4FD6-B081-4894A5302740}.Release|x86.ActiveCfg = Release|Any CPU
		{821358AF-67F1-4FD6-B081-4894A5302740}.Release|x86.Build.0 = Release|Any CPU
		{72C45A19-9C5C-47F6-8988-1C69A4A61B27}.Debug|Any CPU.ActiveCfg = Debug|Any CPU
		{72C45A19-9C5C-47F6-8988-1C69A4A61B27}.Debug|Any CPU.Build.0 = Debug|Any CPU
		{72C45A19-9C5C-47F6-8988-1C69A4A61B27}.Debug|x64.ActiveCfg = Debug|Any CPU
		{72C45A19-9C5C-47F6-8988-1C69A4A61B27}.Debug|x64.Build.0 = Debug|Any CPU
		{72C45A19-9C5C-47F6-8988-1C69A4A61B27}.Debug|x86.ActiveCfg = Debug|Any CPU
		{72C45A19-9C5C-47F6-8988-1C69A4A61B27}.Debug|x86.Build.0 = Debug|Any CPU
		{72C45A19-9C5C-47F6-8988-1C69A4A61B27}.Release|Any CPU.ActiveCfg = Release|Any CPU
		{72C45A19-9C5C-47F6-8988-1C69A4A61B27}.Release|Any CPU.Build.0 = Release|Any CPU
		{72C45A19-9C5C-47F6-8988-1C69A4A61B27}.Release|x64.ActiveCfg = Release|Any CPU
		{72C45A19-9C5C-47F6-8988-1C69A4A61B27}.Release|x64.Build.0 = Release|Any CPU
		{72C45A19-9C5C-47F6-8988-1C69A4A61B27}.Release|x86.ActiveCfg = Release|Any CPU
		{72C45A19-9C5C-47F6-8988-1C69A4A61B27}.Release|x86.Build.0 = Release|Any CPU
		{329B137F-8483-4164-8D88-3188F04745B3}.Debug|Any CPU.ActiveCfg = Debug|Any CPU
		{329B137F-8483-4164-8D88-3188F04745B3}.Debug|Any CPU.Build.0 = Debug|Any CPU
		{329B137F-8483-4164-8D88-3188F04745B3}.Debug|x64.ActiveCfg = Debug|Any CPU
		{329B137F-8483-4164-8D88-3188F04745B3}.Debug|x64.Build.0 = Debug|Any CPU
		{329B137F-8483-4164-8D88-3188F04745B3}.Debug|x86.ActiveCfg = Debug|Any CPU
		{329B137F-8483-4164-8D88-3188F04745B3}.Debug|x86.Build.0 = Debug|Any CPU
		{329B137F-8483-4164-8D88-3188F04745B3}.Release|Any CPU.ActiveCfg = Release|Any CPU
		{329B137F-8483-4164-8D88-3188F04745B3}.Release|Any CPU.Build.0 = Release|Any CPU
		{329B137F-8483-4164-8D88-3188F04745B3}.Release|x64.ActiveCfg = Release|Any CPU
		{329B137F-8483-4164-8D88-3188F04745B3}.Release|x64.Build.0 = Release|Any CPU
		{329B137F-8483-4164-8D88-3188F04745B3}.Release|x86.ActiveCfg = Release|Any CPU
		{329B137F-8483-4164-8D88-3188F04745B3}.Release|x86.Build.0 = Release|Any CPU
		{BCEAB7BD-1BE4-444D-992C-F7F2CCF1C48F}.Debug|Any CPU.ActiveCfg = Debug|Any CPU
		{BCEAB7BD-1BE4-444D-992C-F7F2CCF1C48F}.Debug|Any CPU.Build.0 = Debug|Any CPU
		{BCEAB7BD-1BE4-444D-992C-F7F2CCF1C48F}.Debug|x64.ActiveCfg = Debug|Any CPU
		{BCEAB7BD-1BE4-444D-992C-F7F2CCF1C48F}.Debug|x64.Build.0 = Debug|Any CPU
		{BCEAB7BD-1BE4-444D-992C-F7F2CCF1C48F}.Debug|x86.ActiveCfg = Debug|Any CPU
		{BCEAB7BD-1BE4-444D-992C-F7F2CCF1C48F}.Debug|x86.Build.0 = Debug|Any CPU
		{BCEAB7BD-1BE4-444D-992C-F7F2CCF1C48F}.Release|Any CPU.ActiveCfg = Release|Any CPU
		{BCEAB7BD-1BE4-444D-992C-F7F2CCF1C48F}.Release|Any CPU.Build.0 = Release|Any CPU
		{BCEAB7BD-1BE4-444D-992C-F7F2CCF1C48F}.Release|x64.ActiveCfg = Release|Any CPU
		{BCEAB7BD-1BE4-444D-992C-F7F2CCF1C48F}.Release|x64.Build.0 = Release|Any CPU
		{BCEAB7BD-1BE4-444D-992C-F7F2CCF1C48F}.Release|x86.ActiveCfg = Release|Any CPU
		{BCEAB7BD-1BE4-444D-992C-F7F2CCF1C48F}.Release|x86.Build.0 = Release|Any CPU
		{FCF9C06B-DF23-4F98-BCB8-826B850E3F3B}.Debug|Any CPU.ActiveCfg = Debug|Any CPU
		{FCF9C06B-DF23-4F98-BCB8-826B850E3F3B}.Debug|Any CPU.Build.0 = Debug|Any CPU
		{FCF9C06B-DF23-4F98-BCB8-826B850E3F3B}.Debug|x64.ActiveCfg = Debug|Any CPU
		{FCF9C06B-DF23-4F98-BCB8-826B850E3F3B}.Debug|x64.Build.0 = Debug|Any CPU
		{FCF9C06B-DF23-4F98-BCB8-826B850E3F3B}.Debug|x86.ActiveCfg = Debug|Any CPU
		{FCF9C06B-DF23-4F98-BCB8-826B850E3F3B}.Debug|x86.Build.0 = Debug|Any CPU
		{FCF9C06B-DF23-4F98-BCB8-826B850E3F3B}.Release|Any CPU.ActiveCfg = Release|Any CPU
		{FCF9C06B-DF23-4F98-BCB8-826B850E3F3B}.Release|Any CPU.Build.0 = Release|Any CPU
		{FCF9C06B-DF23-4F98-BCB8-826B850E3F3B}.Release|x64.ActiveCfg = Release|Any CPU
		{FCF9C06B-DF23-4F98-BCB8-826B850E3F3B}.Release|x64.Build.0 = Release|Any CPU
		{FCF9C06B-DF23-4F98-BCB8-826B850E3F3B}.Release|x86.ActiveCfg = Release|Any CPU
		{FCF9C06B-DF23-4F98-BCB8-826B850E3F3B}.Release|x86.Build.0 = Release|Any CPU
		{D958248C-0FDA-48BB-B92F-E4345A674AD3}.Debug|Any CPU.ActiveCfg = Debug|Any CPU
		{D958248C-0FDA-48BB-B92F-E4345A674AD3}.Debug|Any CPU.Build.0 = Debug|Any CPU
		{D958248C-0FDA-48BB-B92F-E4345A674AD3}.Debug|x64.ActiveCfg = Debug|Any CPU
		{D958248C-0FDA-48BB-B92F-E4345A674AD3}.Debug|x64.Build.0 = Debug|Any CPU
		{D958248C-0FDA-48BB-B92F-E4345A674AD3}.Debug|x86.ActiveCfg = Debug|Any CPU
		{D958248C-0FDA-48BB-B92F-E4345A674AD3}.Debug|x86.Build.0 = Debug|Any CPU
		{D958248C-0FDA-48BB-B92F-E4345A674AD3}.Release|Any CPU.ActiveCfg = Release|Any CPU
		{D958248C-0FDA-48BB-B92F-E4345A674AD3}.Release|Any CPU.Build.0 = Release|Any CPU
		{D958248C-0FDA-48BB-B92F-E4345A674AD3}.Release|x64.ActiveCfg = Release|Any CPU
		{D958248C-0FDA-48BB-B92F-E4345A674AD3}.Release|x64.Build.0 = Release|Any CPU
		{D958248C-0FDA-48BB-B92F-E4345A674AD3}.Release|x86.ActiveCfg = Release|Any CPU
		{D958248C-0FDA-48BB-B92F-E4345A674AD3}.Release|x86.Build.0 = Release|Any CPU
		{0EAB3914-857C-4F3E-ACA7-B440B9E0E3BE}.Debug|Any CPU.ActiveCfg = Debug|Any CPU
		{0EAB3914-857C-4F3E-ACA7-B440B9E0E3BE}.Debug|Any CPU.Build.0 = Debug|Any CPU
		{0EAB3914-857C-4F3E-ACA7-B440B9E0E3BE}.Debug|x64.ActiveCfg = Debug|Any CPU
		{0EAB3914-857C-4F3E-ACA7-B440B9E0E3BE}.Debug|x64.Build.0 = Debug|Any CPU
		{0EAB3914-857C-4F3E-ACA7-B440B9E0E3BE}.Debug|x86.ActiveCfg = Debug|Any CPU
		{0EAB3914-857C-4F3E-ACA7-B440B9E0E3BE}.Debug|x86.Build.0 = Debug|Any CPU
		{0EAB3914-857C-4F3E-ACA7-B440B9E0E3BE}.Release|Any CPU.ActiveCfg = Release|Any CPU
		{0EAB3914-857C-4F3E-ACA7-B440B9E0E3BE}.Release|Any CPU.Build.0 = Release|Any CPU
		{0EAB3914-857C-4F3E-ACA7-B440B9E0E3BE}.Release|x64.ActiveCfg = Release|Any CPU
		{0EAB3914-857C-4F3E-ACA7-B440B9E0E3BE}.Release|x64.Build.0 = Release|Any CPU
		{0EAB3914-857C-4F3E-ACA7-B440B9E0E3BE}.Release|x86.ActiveCfg = Release|Any CPU
		{0EAB3914-857C-4F3E-ACA7-B440B9E0E3BE}.Release|x86.Build.0 = Release|Any CPU
		{69894F1B-4D9D-474C-99FC-C9ADCB510F25}.Debug|Any CPU.ActiveCfg = Debug|Any CPU
		{69894F1B-4D9D-474C-99FC-C9ADCB510F25}.Debug|Any CPU.Build.0 = Debug|Any CPU
		{69894F1B-4D9D-474C-99FC-C9ADCB510F25}.Debug|x64.ActiveCfg = Debug|Any CPU
		{69894F1B-4D9D-474C-99FC-C9ADCB510F25}.Debug|x64.Build.0 = Debug|Any CPU
		{69894F1B-4D9D-474C-99FC-C9ADCB510F25}.Debug|x86.ActiveCfg = Debug|Any CPU
		{69894F1B-4D9D-474C-99FC-C9ADCB510F25}.Debug|x86.Build.0 = Debug|Any CPU
		{69894F1B-4D9D-474C-99FC-C9ADCB510F25}.Release|Any CPU.ActiveCfg = Release|Any CPU
		{69894F1B-4D9D-474C-99FC-C9ADCB510F25}.Release|Any CPU.Build.0 = Release|Any CPU
		{69894F1B-4D9D-474C-99FC-C9ADCB510F25}.Release|x64.ActiveCfg = Release|Any CPU
		{69894F1B-4D9D-474C-99FC-C9ADCB510F25}.Release|x64.Build.0 = Release|Any CPU
		{69894F1B-4D9D-474C-99FC-C9ADCB510F25}.Release|x86.ActiveCfg = Release|Any CPU
		{69894F1B-4D9D-474C-99FC-C9ADCB510F25}.Release|x86.Build.0 = Release|Any CPU
		{9B9E7662-E98C-4DF8-8AD9-D1FD708380DA}.Debug|Any CPU.ActiveCfg = Debug|Any CPU
		{9B9E7662-E98C-4DF8-8AD9-D1FD708380DA}.Debug|Any CPU.Build.0 = Debug|Any CPU
		{9B9E7662-E98C-4DF8-8AD9-D1FD708380DA}.Debug|x64.ActiveCfg = Debug|Any CPU
		{9B9E7662-E98C-4DF8-8AD9-D1FD708380DA}.Debug|x64.Build.0 = Debug|Any CPU
		{9B9E7662-E98C-4DF8-8AD9-D1FD708380DA}.Debug|x86.ActiveCfg = Debug|Any CPU
		{9B9E7662-E98C-4DF8-8AD9-D1FD708380DA}.Debug|x86.Build.0 = Debug|Any CPU
		{9B9E7662-E98C-4DF8-8AD9-D1FD708380DA}.Release|Any CPU.ActiveCfg = Release|Any CPU
		{9B9E7662-E98C-4DF8-8AD9-D1FD708380DA}.Release|Any CPU.Build.0 = Release|Any CPU
		{9B9E7662-E98C-4DF8-8AD9-D1FD708380DA}.Release|x64.ActiveCfg = Release|Any CPU
		{9B9E7662-E98C-4DF8-8AD9-D1FD708380DA}.Release|x64.Build.0 = Release|Any CPU
		{9B9E7662-E98C-4DF8-8AD9-D1FD708380DA}.Release|x86.ActiveCfg = Release|Any CPU
		{9B9E7662-E98C-4DF8-8AD9-D1FD708380DA}.Release|x86.Build.0 = Release|Any CPU
		{4230EB81-FDFB-44BE-9FCC-DFC7AA903FED}.Debug|Any CPU.ActiveCfg = Debug|Any CPU
		{4230EB81-FDFB-44BE-9FCC-DFC7AA903FED}.Debug|Any CPU.Build.0 = Debug|Any CPU
		{4230EB81-FDFB-44BE-9FCC-DFC7AA903FED}.Debug|x64.ActiveCfg = Debug|Any CPU
		{4230EB81-FDFB-44BE-9FCC-DFC7AA903FED}.Debug|x64.Build.0 = Debug|Any CPU
		{4230EB81-FDFB-44BE-9FCC-DFC7AA903FED}.Debug|x86.ActiveCfg = Debug|Any CPU
		{4230EB81-FDFB-44BE-9FCC-DFC7AA903FED}.Debug|x86.Build.0 = Debug|Any CPU
		{4230EB81-FDFB-44BE-9FCC-DFC7AA903FED}.Release|Any CPU.ActiveCfg = Release|Any CPU
		{4230EB81-FDFB-44BE-9FCC-DFC7AA903FED}.Release|Any CPU.Build.0 = Release|Any CPU
		{4230EB81-FDFB-44BE-9FCC-DFC7AA903FED}.Release|x64.ActiveCfg = Release|Any CPU
		{4230EB81-FDFB-44BE-9FCC-DFC7AA903FED}.Release|x64.Build.0 = Release|Any CPU
		{4230EB81-FDFB-44BE-9FCC-DFC7AA903FED}.Release|x86.ActiveCfg = Release|Any CPU
		{4230EB81-FDFB-44BE-9FCC-DFC7AA903FED}.Release|x86.Build.0 = Release|Any CPU
		{160314F5-D89F-4C59-A393-EAC7B150D7F3}.Debug|Any CPU.ActiveCfg = Debug|Any CPU
		{160314F5-D89F-4C59-A393-EAC7B150D7F3}.Debug|Any CPU.Build.0 = Debug|Any CPU
		{160314F5-D89F-4C59-A393-EAC7B150D7F3}.Debug|x64.ActiveCfg = Debug|Any CPU
		{160314F5-D89F-4C59-A393-EAC7B150D7F3}.Debug|x64.Build.0 = Debug|Any CPU
		{160314F5-D89F-4C59-A393-EAC7B150D7F3}.Debug|x86.ActiveCfg = Debug|Any CPU
		{160314F5-D89F-4C59-A393-EAC7B150D7F3}.Debug|x86.Build.0 = Debug|Any CPU
		{160314F5-D89F-4C59-A393-EAC7B150D7F3}.Release|Any CPU.ActiveCfg = Release|Any CPU
		{160314F5-D89F-4C59-A393-EAC7B150D7F3}.Release|Any CPU.Build.0 = Release|Any CPU
		{160314F5-D89F-4C59-A393-EAC7B150D7F3}.Release|x64.ActiveCfg = Release|Any CPU
		{160314F5-D89F-4C59-A393-EAC7B150D7F3}.Release|x64.Build.0 = Release|Any CPU
		{160314F5-D89F-4C59-A393-EAC7B150D7F3}.Release|x86.ActiveCfg = Release|Any CPU
		{160314F5-D89F-4C59-A393-EAC7B150D7F3}.Release|x86.Build.0 = Release|Any CPU
		{95473979-BD2B-4218-9754-0D1DA67A6A82}.Debug|Any CPU.ActiveCfg = Debug|Any CPU
		{95473979-BD2B-4218-9754-0D1DA67A6A82}.Debug|Any CPU.Build.0 = Debug|Any CPU
		{95473979-BD2B-4218-9754-0D1DA67A6A82}.Debug|x64.ActiveCfg = Debug|Any CPU
		{95473979-BD2B-4218-9754-0D1DA67A6A82}.Debug|x64.Build.0 = Debug|Any CPU
		{95473979-BD2B-4218-9754-0D1DA67A6A82}.Debug|x86.ActiveCfg = Debug|Any CPU
		{95473979-BD2B-4218-9754-0D1DA67A6A82}.Debug|x86.Build.0 = Debug|Any CPU
		{95473979-BD2B-4218-9754-0D1DA67A6A82}.Release|Any CPU.ActiveCfg = Release|Any CPU
		{95473979-BD2B-4218-9754-0D1DA67A6A82}.Release|Any CPU.Build.0 = Release|Any CPU
		{95473979-BD2B-4218-9754-0D1DA67A6A82}.Release|x64.ActiveCfg = Release|Any CPU
		{95473979-BD2B-4218-9754-0D1DA67A6A82}.Release|x64.Build.0 = Release|Any CPU
		{95473979-BD2B-4218-9754-0D1DA67A6A82}.Release|x86.ActiveCfg = Release|Any CPU
		{95473979-BD2B-4218-9754-0D1DA67A6A82}.Release|x86.Build.0 = Release|Any CPU
		{1CCAC1E6-8D67-4FAA-889E-D4F940F363DD}.Debug|Any CPU.ActiveCfg = Debug|Any CPU
		{1CCAC1E6-8D67-4FAA-889E-D4F940F363DD}.Debug|Any CPU.Build.0 = Debug|Any CPU
		{1CCAC1E6-8D67-4FAA-889E-D4F940F363DD}.Debug|x64.ActiveCfg = Debug|Any CPU
		{1CCAC1E6-8D67-4FAA-889E-D4F940F363DD}.Debug|x64.Build.0 = Debug|Any CPU
		{1CCAC1E6-8D67-4FAA-889E-D4F940F363DD}.Debug|x86.ActiveCfg = Debug|Any CPU
		{1CCAC1E6-8D67-4FAA-889E-D4F940F363DD}.Debug|x86.Build.0 = Debug|Any CPU
		{1CCAC1E6-8D67-4FAA-889E-D4F940F363DD}.Release|Any CPU.ActiveCfg = Release|Any CPU
		{1CCAC1E6-8D67-4FAA-889E-D4F940F363DD}.Release|Any CPU.Build.0 = Release|Any CPU
		{1CCAC1E6-8D67-4FAA-889E-D4F940F363DD}.Release|x64.ActiveCfg = Release|Any CPU
		{1CCAC1E6-8D67-4FAA-889E-D4F940F363DD}.Release|x64.Build.0 = Release|Any CPU
		{1CCAC1E6-8D67-4FAA-889E-D4F940F363DD}.Release|x86.ActiveCfg = Release|Any CPU
		{1CCAC1E6-8D67-4FAA-889E-D4F940F363DD}.Release|x86.Build.0 = Release|Any CPU
		{E0C66393-B4D5-4372-9EFB-882AE872E378}.Debug|Any CPU.ActiveCfg = Debug|Any CPU
		{E0C66393-B4D5-4372-9EFB-882AE872E378}.Debug|Any CPU.Build.0 = Debug|Any CPU
		{E0C66393-B4D5-4372-9EFB-882AE872E378}.Debug|x64.ActiveCfg = Debug|Any CPU
		{E0C66393-B4D5-4372-9EFB-882AE872E378}.Debug|x64.Build.0 = Debug|Any CPU
		{E0C66393-B4D5-4372-9EFB-882AE872E378}.Debug|x86.ActiveCfg = Debug|Any CPU
		{E0C66393-B4D5-4372-9EFB-882AE872E378}.Debug|x86.Build.0 = Debug|Any CPU
		{E0C66393-B4D5-4372-9EFB-882AE872E378}.Release|Any CPU.ActiveCfg = Release|Any CPU
		{E0C66393-B4D5-4372-9EFB-882AE872E378}.Release|Any CPU.Build.0 = Release|Any CPU
		{E0C66393-B4D5-4372-9EFB-882AE872E378}.Release|x64.ActiveCfg = Release|Any CPU
		{E0C66393-B4D5-4372-9EFB-882AE872E378}.Release|x64.Build.0 = Release|Any CPU
		{E0C66393-B4D5-4372-9EFB-882AE872E378}.Release|x86.ActiveCfg = Release|Any CPU
		{E0C66393-B4D5-4372-9EFB-882AE872E378}.Release|x86.Build.0 = Release|Any CPU
		{9788B40C-8A25-481C-8AC4-FCE3757F61EE}.Debug|Any CPU.ActiveCfg = Debug|Any CPU
		{9788B40C-8A25-481C-8AC4-FCE3757F61EE}.Debug|Any CPU.Build.0 = Debug|Any CPU
		{9788B40C-8A25-481C-8AC4-FCE3757F61EE}.Debug|x64.ActiveCfg = Debug|Any CPU
		{9788B40C-8A25-481C-8AC4-FCE3757F61EE}.Debug|x64.Build.0 = Debug|Any CPU
		{9788B40C-8A25-481C-8AC4-FCE3757F61EE}.Debug|x86.ActiveCfg = Debug|Any CPU
		{9788B40C-8A25-481C-8AC4-FCE3757F61EE}.Debug|x86.Build.0 = Debug|Any CPU
		{9788B40C-8A25-481C-8AC4-FCE3757F61EE}.Release|Any CPU.ActiveCfg = Release|Any CPU
		{9788B40C-8A25-481C-8AC4-FCE3757F61EE}.Release|Any CPU.Build.0 = Release|Any CPU
		{9788B40C-8A25-481C-8AC4-FCE3757F61EE}.Release|x64.ActiveCfg = Release|Any CPU
		{9788B40C-8A25-481C-8AC4-FCE3757F61EE}.Release|x64.Build.0 = Release|Any CPU
		{9788B40C-8A25-481C-8AC4-FCE3757F61EE}.Release|x86.ActiveCfg = Release|Any CPU
		{9788B40C-8A25-481C-8AC4-FCE3757F61EE}.Release|x86.Build.0 = Release|Any CPU
		{DF850932-03DA-40FB-BF73-A067015B9E12}.Debug|Any CPU.ActiveCfg = Debug|Any CPU
		{DF850932-03DA-40FB-BF73-A067015B9E12}.Debug|Any CPU.Build.0 = Debug|Any CPU
		{DF850932-03DA-40FB-BF73-A067015B9E12}.Debug|x64.ActiveCfg = Debug|Any CPU
		{DF850932-03DA-40FB-BF73-A067015B9E12}.Debug|x64.Build.0 = Debug|Any CPU
		{DF850932-03DA-40FB-BF73-A067015B9E12}.Debug|x86.ActiveCfg = Debug|Any CPU
		{DF850932-03DA-40FB-BF73-A067015B9E12}.Debug|x86.Build.0 = Debug|Any CPU
		{DF850932-03DA-40FB-BF73-A067015B9E12}.Release|Any CPU.ActiveCfg = Release|Any CPU
		{DF850932-03DA-40FB-BF73-A067015B9E12}.Release|Any CPU.Build.0 = Release|Any CPU
		{DF850932-03DA-40FB-BF73-A067015B9E12}.Release|x64.ActiveCfg = Release|Any CPU
		{DF850932-03DA-40FB-BF73-A067015B9E12}.Release|x64.Build.0 = Release|Any CPU
		{DF850932-03DA-40FB-BF73-A067015B9E12}.Release|x86.ActiveCfg = Release|Any CPU
		{DF850932-03DA-40FB-BF73-A067015B9E12}.Release|x86.Build.0 = Release|Any CPU
		{FA5A47DA-58A2-4C64-8301-58A093BCE2D2}.Debug|Any CPU.ActiveCfg = Debug|Any CPU
		{FA5A47DA-58A2-4C64-8301-58A093BCE2D2}.Debug|Any CPU.Build.0 = Debug|Any CPU
		{FA5A47DA-58A2-4C64-8301-58A093BCE2D2}.Debug|x64.ActiveCfg = Debug|Any CPU
		{FA5A47DA-58A2-4C64-8301-58A093BCE2D2}.Debug|x64.Build.0 = Debug|Any CPU
		{FA5A47DA-58A2-4C64-8301-58A093BCE2D2}.Debug|x86.ActiveCfg = Debug|Any CPU
		{FA5A47DA-58A2-4C64-8301-58A093BCE2D2}.Debug|x86.Build.0 = Debug|Any CPU
		{FA5A47DA-58A2-4C64-8301-58A093BCE2D2}.Release|Any CPU.ActiveCfg = Release|Any CPU
		{FA5A47DA-58A2-4C64-8301-58A093BCE2D2}.Release|Any CPU.Build.0 = Release|Any CPU
		{FA5A47DA-58A2-4C64-8301-58A093BCE2D2}.Release|x64.ActiveCfg = Release|Any CPU
		{FA5A47DA-58A2-4C64-8301-58A093BCE2D2}.Release|x64.Build.0 = Release|Any CPU
		{FA5A47DA-58A2-4C64-8301-58A093BCE2D2}.Release|x86.ActiveCfg = Release|Any CPU
		{FA5A47DA-58A2-4C64-8301-58A093BCE2D2}.Release|x86.Build.0 = Release|Any CPU
	EndGlobalSection
	GlobalSection(SolutionProperties) = preSolution
		HideSolutionNode = FALSE
	EndGlobalSection
	GlobalSection(NestedProjects) = preSolution
		{72C45A19-9C5C-47F6-8988-1C69A4A61B27} = {209E5848-CCD1-47E4-B37C-92183B30C7D2}
		{D958248C-0FDA-48BB-B92F-E4345A674AD3} = {209E5848-CCD1-47E4-B37C-92183B30C7D2}
		{0EAB3914-857C-4F3E-ACA7-B440B9E0E3BE} = {209E5848-CCD1-47E4-B37C-92183B30C7D2}
		{69894F1B-4D9D-474C-99FC-C9ADCB510F25} = {209E5848-CCD1-47E4-B37C-92183B30C7D2}
		{9B9E7662-E98C-4DF8-8AD9-D1FD708380DA} = {209E5848-CCD1-47E4-B37C-92183B30C7D2}
		{4230EB81-FDFB-44BE-9FCC-DFC7AA903FED} = {209E5848-CCD1-47E4-B37C-92183B30C7D2}
		{160314F5-D89F-4C59-A393-EAC7B150D7F3} = {209E5848-CCD1-47E4-B37C-92183B30C7D2}
		{95473979-BD2B-4218-9754-0D1DA67A6A82} = {209E5848-CCD1-47E4-B37C-92183B30C7D2}
		{1CCAC1E6-8D67-4FAA-889E-D4F940F363DD} = {209E5848-CCD1-47E4-B37C-92183B30C7D2}
		{E0C66393-B4D5-4372-9EFB-882AE872E378} = {209E5848-CCD1-47E4-B37C-92183B30C7D2}
		{9788B40C-8A25-481C-8AC4-FCE3757F61EE} = {209E5848-CCD1-47E4-B37C-92183B30C7D2}
	EndGlobalSection
	GlobalSection(ExtensibilityGlobals) = postSolution
		SolutionGuid = {99FE7565-74A3-465C-9DCB-3D640B8166D8}
	EndGlobalSection
EndGlobal
